{
  "version": 4,
  "terraform_version": "1.14.3",
  "serial": 51,
  "lineage": "4d03cb7f-5983-952f-918f-b0fb4258b826",
  "outputs": {
    "acm_frontend_validation_records": {
      "value": [
        {
          "domain_name": "customer-demo.joshuakessell.com",
          "resource_record_name": "_f8e27b938bb8251d36dd2ee3968ff611.customer-demo.joshuakessell.com.",
          "resource_record_type": "CNAME",
          "resource_record_value": "_4b808a9dad7b94302af726228c5682a2.jkddzztszm.acm-validations.aws."
        },
        {
          "domain_name": "employee-demo.joshuakessell.com",
          "resource_record_name": "_5e455d13c3c036f838a29f52b1aa6522.employee-demo.joshuakessell.com.",
          "resource_record_type": "CNAME",
          "resource_record_value": "_ea31b0dac4ebfbb6fedf379f91df3c77.jkddzztszm.acm-validations.aws."
        }
      ],
      "type": [
        "set",
        [
          "object",
          {
            "domain_name": "string",
            "resource_record_name": "string",
            "resource_record_type": "string",
            "resource_record_value": "string"
          }
        ]
      ]
    },
    "apprunner_custom_domain_validation_records": {
      "value": null,
      "type": [
        "set",
        [
          "object",
          {
            "name": "string",
            "status": "string",
            "type": "string",
            "value": "string"
          }
        ]
      ]
    },
    "apprunner_service_arn": {
      "value": "arn:aws:apprunner:us-east-1:146469921099:service/club-ops-dev-api/2223a446dc474b7790d98db42d1b1c58",
      "type": "string"
    },
    "apprunner_service_url": {
      "value": "ggvejskmpn.us-east-1.awsapprunner.com",
      "type": "string"
    },
    "customer_bucket_name": {
      "value": "club-ops-dev-customer-demo",
      "type": "string"
    },
    "customer_cloudfront_distribution_id": {
      "value": "EFVEGUM8BIPN1",
      "type": "string"
    },
    "customer_cloudfront_domain": {
      "value": "d14yynmthplrsc.cloudfront.net",
      "type": "string"
    },
    "employee_bucket_name": {
      "value": "club-ops-dev-employee-demo",
      "type": "string"
    },
    "employee_cloudfront_distribution_id": {
      "value": "E2M9TK93AIEIYA",
      "type": "string"
    },
    "employee_cloudfront_domain": {
      "value": "dmmygif8l3dvh.cloudfront.net",
      "type": "string"
    },
    "github_actions_role_arn": {
      "value": "arn:aws:iam::146469921099:role/club-ops-dev-github-actions",
      "type": "string"
    }
  },
  "resources": [
    {
      "mode": "managed",
      "type": "aws_acm_certificate",
      "name": "frontend",
      "provider": "provider[\"registry.terraform.io/hashicorp/aws\"]",
      "instances": [
        {
          "schema_version": 0,
          "attributes": {
            "arn": "arn:aws:acm:us-east-1:146469921099:certificate/695a519b-0ebb-4419-8911-99e2264a3764",
            "certificate_authority_arn": "",
            "certificate_body": null,
            "certificate_chain": null,
            "domain_name": "employee-demo.joshuakessell.com",
            "domain_validation_options": [
              {
                "domain_name": "customer-demo.joshuakessell.com",
                "resource_record_name": "_f8e27b938bb8251d36dd2ee3968ff611.customer-demo.joshuakessell.com.",
                "resource_record_type": "CNAME",
                "resource_record_value": "_4b808a9dad7b94302af726228c5682a2.jkddzztszm.acm-validations.aws."
              },
              {
                "domain_name": "employee-demo.joshuakessell.com",
                "resource_record_name": "_5e455d13c3c036f838a29f52b1aa6522.employee-demo.joshuakessell.com.",
                "resource_record_type": "CNAME",
                "resource_record_value": "_ea31b0dac4ebfbb6fedf379f91df3c77.jkddzztszm.acm-validations.aws."
              }
            ],
            "early_renewal_duration": "",
            "id": "arn:aws:acm:us-east-1:146469921099:certificate/695a519b-0ebb-4419-8911-99e2264a3764",
            "key_algorithm": "RSA_2048",
            "not_after": "2027-03-02T23:59:59Z",
            "not_before": "2026-02-01T00:00:00Z",
            "options": [
              {
                "certificate_transparency_logging_preference": "ENABLED"
              }
            ],
            "pending_renewal": false,
            "private_key": null,
            "renewal_eligibility": "INELIGIBLE",
            "renewal_summary": [],
            "status": "ISSUED",
            "subject_alternative_names": [
              "customer-demo.joshuakessell.com",
              "employee-demo.joshuakessell.com"
            ],
            "tags": {},
            "tags_all": {
              "Environment": "dev",
              "Owner": "JoshuaKessell",
              "Project": "ClubOperationsPOS"
            },
            "type": "AMAZON_ISSUED",
            "validation_emails": [],
            "validation_method": "DNS",
            "validation_option": []
          },
          "sensitive_attributes": [
            [
              {
                "type": "get_attr",
                "value": "private_key"
              }
            ]
          ],
          "identity_schema_version": 0,
          "private": "bnVsbA=="
        }
      ]
    },
    {
      "mode": "managed",
      "type": "aws_acm_certificate_validation",
      "name": "frontend",
      "provider": "provider[\"registry.terraform.io/hashicorp/aws\"]",
      "instances": [
        {
          "schema_version": 0,
          "attributes": {
            "certificate_arn": "arn:aws:acm:us-east-1:146469921099:certificate/695a519b-0ebb-4419-8911-99e2264a3764",
            "id": "0001-01-01 00:00:00 +0000 UTC",
            "timeouts": null,
            "validation_record_fqdns": [
              "_5e455d13c3c036f838a29f52b1aa6522.employee-demo.joshuakessell.com.",
              "_f8e27b938bb8251d36dd2ee3968ff611.customer-demo.joshuakessell.com."
            ]
          },
          "sensitive_attributes": [],
          "identity_schema_version": 0,
          "private": "eyJlMmJmYjczMC1lY2FhLTExZTYtOGY4OC0zNDM2M2JjN2M0YzAiOnsiY3JlYXRlIjo0NTAwMDAwMDAwMDAwfX0=",
          "dependencies": [
            "aws_acm_certificate.frontend"
          ]
        }
      ]
    },
    {
      "mode": "managed",
      "type": "aws_apprunner_service",
      "name": "api",
      "provider": "provider[\"registry.terraform.io/hashicorp/aws\"]",
      "instances": [
        {
          "status": "tainted",
          "schema_version": 0,
          "attributes": {
            "arn": null,
            "auto_scaling_configuration_arn": null,
            "encryption_configuration": [],
            "health_check_configuration": [
              {
                "healthy_threshold": 2,
                "interval": 10,
                "path": "/health",
                "protocol": "HTTP",
                "timeout": 5,
                "unhealthy_threshold": 5
              }
            ],
            "id": "arn:aws:apprunner:us-east-1:146469921099:service/club-ops-dev-api/ee1a35548db34c45b50a139e01dfe37c",
            "instance_configuration": null,
            "network_configuration": null,
            "observability_configuration": [],
            "service_id": null,
            "service_name": "club-ops-dev-api",
            "service_url": null,
            "source_configuration": [
              {
                "authentication_configuration": [
                  {
                    "access_role_arn": "arn:aws:iam::146469921099:role/club-ops-dev-apprunner-ecr-access",
                    "connection_arn": ""
                  }
                ],
                "auto_deployments_enabled": false,
                "code_repository": [],
                "image_repository": [
                  {
                    "image_configuration": [
                      {
                        "port": "3000",
                        "runtime_environment_secrets": null,
                        "runtime_environment_variables": {
                          "HOST": "0.0.0.0",
                          "PORT": "3000"
                        },
                        "start_command": ""
                      }
                    ],
                    "image_identifier": "146469921099.dkr.ecr.us-east-1.amazonaws.com/club-ops-api:dev-latest",
                    "image_repository_type": "ECR"
                  }
                ]
              }
            ],
            "status": null,
            "tags": null,
            "tags_all": {
              "Environment": "dev",
              "Owner": "JoshuaKessell",
              "Project": "ClubOperationsPOS"
            }
          },
          "sensitive_attributes": [],
          "identity_schema_version": 0,
          "private": "bnVsbA==",
          "dependencies": [
            "aws_iam_role.apprunner_ecr_access"
          ]
        }
      ]
    },
    {
      "mode": "managed",
      "type": "aws_cloudfront_distribution",
      "name": "customer",
      "provider": "provider[\"registry.terraform.io/hashicorp/aws\"]",
      "instances": [
        {
          "schema_version": 1,
          "attributes": {
            "aliases": [
              "customer-demo.joshuakessell.com"
            ],
            "arn": "arn:aws:cloudfront::146469921099:distribution/EFVEGUM8BIPN1",
            "caller_reference": "e88d6d31-6c29-4607-bdf9-3d6985c46033",
            "comment": null,
            "continuous_deployment_policy_id": "",
            "custom_error_response": [
              {
                "error_caching_min_ttl": 0,
                "error_code": 403,
                "response_code": 200,
                "response_page_path": "/index.html"
              },
              {
                "error_caching_min_ttl": 0,
                "error_code": 404,
                "response_code": 200,
                "response_page_path": "/index.html"
              }
            ],
            "default_cache_behavior": [
              {
                "allowed_methods": [
                  "GET",
                  "HEAD",
                  "OPTIONS"
                ],
                "cache_policy_id": "",
                "cached_methods": [
                  "GET",
                  "HEAD",
                  "OPTIONS"
                ],
                "compress": true,
                "default_ttl": 0,
                "field_level_encryption_id": "",
                "forwarded_values": [
                  {
                    "cookies": [
                      {
                        "forward": "none",
                        "whitelisted_names": []
                      }
                    ],
                    "headers": [],
                    "query_string": false,
                    "query_string_cache_keys": []
                  }
                ],
                "function_association": [],
                "grpc_config": [
                  {
                    "enabled": false
                  }
                ],
                "lambda_function_association": [],
                "max_ttl": 0,
                "min_ttl": 0,
                "origin_request_policy_id": "",
                "realtime_log_config_arn": "",
                "response_headers_policy_id": "",
                "smooth_streaming": false,
                "target_origin_id": "customer-s3",
                "trusted_key_groups": [],
                "trusted_signers": [],
                "viewer_protocol_policy": "redirect-to-https"
              }
            ],
            "default_root_object": "index.html",
            "domain_name": "d14yynmthplrsc.cloudfront.net",
            "enabled": true,
            "etag": "E3P5ROKL5A1OLE",
            "hosted_zone_id": "Z2FDTNDATAQYW2",
            "http_version": "http2",
            "id": "EFVEGUM8BIPN1",
            "in_progress_validation_batches": 0,
            "is_ipv6_enabled": true,
            "last_modified_time": "2026-01-30 00:22:02.014 +0000 UTC",
            "logging_config": [],
            "ordered_cache_behavior": [],
            "origin": [
              {
                "connection_attempts": 3,
                "connection_timeout": 10,
                "custom_header": [],
                "custom_origin_config": [],
                "domain_name": "club-ops-dev-customer-demo.s3.us-east-1.amazonaws.com",
                "origin_access_control_id": "E1VSVO349GWF1J",
                "origin_id": "customer-s3",
                "origin_path": "",
                "origin_shield": [],
                "s3_origin_config": [],
                "vpc_origin_config": []
              }
            ],
            "origin_group": [],
            "price_class": "PriceClass_All",
            "restrictions": [
              {
                "geo_restriction": [
                  {
                    "locations": [],
                    "restriction_type": "none"
                  }
                ]
              }
            ],
            "retain_on_delete": false,
            "staging": false,
            "status": "Deployed",
            "tags": {},
            "tags_all": {
              "Environment": "dev",
              "Owner": "JoshuaKessell",
              "Project": "ClubOperationsPOS"
            },
            "trusted_key_groups": [
              {
                "enabled": false,
                "items": []
              }
            ],
            "trusted_signers": [
              {
                "enabled": false,
                "items": []
              }
            ],
            "viewer_certificate": [
              {
                "acm_certificate_arn": "arn:aws:acm:us-east-1:146469921099:certificate/695a519b-0ebb-4419-8911-99e2264a3764",
                "cloudfront_default_certificate": false,
                "iam_certificate_id": "",
                "minimum_protocol_version": "TLSv1.2_2021",
                "ssl_support_method": "sni-only"
              }
            ],
            "wait_for_deployment": true,
            "web_acl_id": ""
          },
          "sensitive_attributes": [],
          "identity_schema_version": 0,
          "private": "eyJzY2hlbWFfdmVyc2lvbiI6IjEifQ==",
          "dependencies": [
            "aws_acm_certificate.frontend",
            "aws_acm_certificate_validation.frontend",
            "aws_cloudfront_origin_access_control.customer",
            "aws_s3_bucket.customer"
          ]
        }
      ]
    },
    {
      "mode": "managed",
      "type": "aws_cloudfront_distribution",
      "name": "employee",
      "provider": "provider[\"registry.terraform.io/hashicorp/aws\"]",
      "instances": [
        {
          "schema_version": 1,
          "attributes": {
            "aliases": [
              "employee-demo.joshuakessell.com"
            ],
            "arn": "arn:aws:cloudfront::146469921099:distribution/E2M9TK93AIEIYA",
            "caller_reference": "7f544c78-e3b5-4f6f-8c0d-ea32f647a425",
            "comment": null,
            "continuous_deployment_policy_id": "",
            "custom_error_response": [
              {
                "error_caching_min_ttl": 0,
                "error_code": 403,
                "response_code": 200,
                "response_page_path": "/index.html"
              },
              {
                "error_caching_min_ttl": 0,
                "error_code": 404,
                "response_code": 200,
                "response_page_path": "/index.html"
              }
            ],
            "default_cache_behavior": [
              {
                "allowed_methods": [
                  "GET",
                  "HEAD",
                  "OPTIONS"
                ],
                "cache_policy_id": "",
                "cached_methods": [
                  "GET",
                  "HEAD",
                  "OPTIONS"
                ],
                "compress": true,
                "default_ttl": 0,
                "field_level_encryption_id": "",
                "forwarded_values": [
                  {
                    "cookies": [
                      {
                        "forward": "none",
                        "whitelisted_names": []
                      }
                    ],
                    "headers": [],
                    "query_string": false,
                    "query_string_cache_keys": []
                  }
                ],
                "function_association": [],
                "grpc_config": [
                  {
                    "enabled": false
                  }
                ],
                "lambda_function_association": [],
                "max_ttl": 0,
                "min_ttl": 0,
                "origin_request_policy_id": "",
                "realtime_log_config_arn": "",
                "response_headers_policy_id": "",
                "smooth_streaming": false,
                "target_origin_id": "employee-s3",
                "trusted_key_groups": [],
                "trusted_signers": [],
                "viewer_protocol_policy": "redirect-to-https"
              }
            ],
            "default_root_object": "index.html",
            "domain_name": "dmmygif8l3dvh.cloudfront.net",
            "enabled": true,
            "etag": "E13V1IB3VIYZZH",
            "hosted_zone_id": "Z2FDTNDATAQYW2",
            "http_version": "http2",
            "id": "E2M9TK93AIEIYA",
            "in_progress_validation_batches": 0,
            "is_ipv6_enabled": true,
            "last_modified_time": "2026-01-30 00:22:03.871 +0000 UTC",
            "logging_config": [],
            "ordered_cache_behavior": [],
            "origin": [
              {
                "connection_attempts": 3,
                "connection_timeout": 10,
                "custom_header": [],
                "custom_origin_config": [],
                "domain_name": "club-ops-dev-employee-demo.s3.us-east-1.amazonaws.com",
                "origin_access_control_id": "E37Q27AFVIB6EI",
                "origin_id": "employee-s3",
                "origin_path": "",
                "origin_shield": [],
                "s3_origin_config": [],
                "vpc_origin_config": []
              }
            ],
            "origin_group": [],
            "price_class": "PriceClass_All",
            "restrictions": [
              {
                "geo_restriction": [
                  {
                    "locations": [],
                    "restriction_type": "none"
                  }
                ]
              }
            ],
            "retain_on_delete": false,
            "staging": false,
            "status": "Deployed",
            "tags": {},
            "tags_all": {
              "Environment": "dev",
              "Owner": "JoshuaKessell",
              "Project": "ClubOperationsPOS"
            },
            "trusted_key_groups": [
              {
                "enabled": false,
                "items": []
              }
            ],
            "trusted_signers": [
              {
                "enabled": false,
                "items": []
              }
            ],
            "viewer_certificate": [
              {
                "acm_certificate_arn": "arn:aws:acm:us-east-1:146469921099:certificate/695a519b-0ebb-4419-8911-99e2264a3764",
                "cloudfront_default_certificate": false,
                "iam_certificate_id": "",
                "minimum_protocol_version": "TLSv1.2_2021",
                "ssl_support_method": "sni-only"
              }
            ],
            "wait_for_deployment": true,
            "web_acl_id": ""
          },
          "sensitive_attributes": [],
          "identity_schema_version": 0,
          "private": "eyJzY2hlbWFfdmVyc2lvbiI6IjEifQ==",
          "dependencies": [
            "aws_acm_certificate.frontend",
            "aws_acm_certificate_validation.frontend",
            "aws_cloudfront_origin_access_control.employee",
            "aws_s3_bucket.employee"
          ]
        }
      ]
    },
    {
      "mode": "managed",
      "type": "aws_cloudfront_origin_access_control",
      "name": "customer",
      "provider": "provider[\"registry.terraform.io/hashicorp/aws\"]",
      "instances": [
        {
          "schema_version": 0,
          "attributes": {
            "arn": "arn:aws:cloudfront::146469921099:origin-access-control/E1VSVO349GWF1J",
            "description": "OAC for customer demo",
            "etag": "ETVPDKIKX0DER",
            "id": "E1VSVO349GWF1J",
            "name": "club-ops-dev-customer-oac",
            "origin_access_control_origin_type": "s3",
            "signing_behavior": "always",
            "signing_protocol": "sigv4"
          },
          "sensitive_attributes": [],
          "identity_schema_version": 0,
          "private": "bnVsbA=="
        }
      ]
    },
    {
      "mode": "managed",
      "type": "aws_cloudfront_origin_access_control",
      "name": "employee",
      "provider": "provider[\"registry.terraform.io/hashicorp/aws\"]",
      "instances": [
        {
          "schema_version": 0,
          "attributes": {
            "arn": "arn:aws:cloudfront::146469921099:origin-access-control/E37Q27AFVIB6EI",
            "description": "OAC for employee demo",
            "etag": "ETVPDKIKX0DER",
            "id": "E37Q27AFVIB6EI",
            "name": "club-ops-dev-employee-oac",
            "origin_access_control_origin_type": "s3",
            "signing_behavior": "always",
            "signing_protocol": "sigv4"
          },
          "sensitive_attributes": [],
          "identity_schema_version": 0,
          "private": "bnVsbA=="
        }
      ]
    },
    {
      "mode": "managed",
      "type": "aws_iam_openid_connect_provider",
      "name": "github",
      "provider": "provider[\"registry.terraform.io/hashicorp/aws\"]",
      "instances": [
        {
          "schema_version": 0,
          "attributes": {
            "arn": "arn:aws:iam::146469921099:oidc-provider/token.actions.githubusercontent.com",
            "client_id_list": [
              "sts.amazonaws.com"
            ],
            "id": "arn:aws:iam::146469921099:oidc-provider/token.actions.githubusercontent.com",
            "tags": {},
            "tags_all": {
              "Environment": "dev",
              "Owner": "JoshuaKessell",
              "Project": "ClubOperationsPOS"
            },
            "thumbprint_list": [
              "6938fd4d98bab03faadb97b34396831e3780aea1"
            ],
            "url": "token.actions.githubusercontent.com"
          },
          "sensitive_attributes": [],
          "identity_schema_version": 0,
          "private": "bnVsbA=="
        }
      ]
    },
    {
      "mode": "managed",
      "type": "aws_iam_role",
      "name": "apprunner_ecr_access",
      "provider": "provider[\"registry.terraform.io/hashicorp/aws\"]",
      "instances": [
        {
          "schema_version": 0,
          "attributes": {
            "arn": "arn:aws:iam::146469921099:role/club-ops-dev-apprunner-ecr-access",
            "assume_role_policy": "{\"Statement\":[{\"Action\":\"sts:AssumeRole\",\"Effect\":\"Allow\",\"Principal\":{\"Service\":\"build.apprunner.amazonaws.com\"}}],\"Version\":\"2012-10-17\"}",
            "create_date": "2026-01-28T05:36:26Z",
            "description": "",
            "force_detach_policies": false,
            "id": "club-ops-dev-apprunner-ecr-access",
            "inline_policy": [
              {
                "name": "club-ops-dev-apprunner-ecr-access",
                "policy": "{\"Version\":\"2012-10-17\",\"Statement\":[{\"Action\":[\"ecr:GetAuthorizationToken\"],\"Effect\":\"Allow\",\"Resource\":\"*\"},{\"Action\":[\"ecr:BatchCheckLayerAvailability\",\"ecr:BatchGetImage\",\"ecr:GetDownloadUrlForLayer\",\"ecr:DescribeRepositories\"],\"Effect\":\"Allow\",\"Resource\":\"arn:aws:ecr:us-east-1:146469921099:repository/club-ops-api\"}]}"
              }
            ],
            "managed_policy_arns": [
              "arn:aws:iam::aws:policy/service-role/AWSAppRunnerServicePolicyForECRAccess"
            ],
            "max_session_duration": 3600,
            "name": "club-ops-dev-apprunner-ecr-access",
            "name_prefix": "",
            "path": "/",
            "permissions_boundary": "",
            "tags": {},
            "tags_all": {
              "Environment": "dev",
              "Owner": "JoshuaKessell",
              "Project": "ClubOperationsPOS"
            },
            "unique_id": "AROASEGSJUFF2CUBNSB4U"
          },
          "sensitive_attributes": [],
          "identity_schema_version": 0,
          "private": "bnVsbA=="
        }
      ]
    },
    {
      "mode": "managed",
      "type": "aws_iam_role",
      "name": "github_actions",
      "provider": "provider[\"registry.terraform.io/hashicorp/aws\"]",
      "instances": [
        {
          "schema_version": 0,
          "attributes": {
            "arn": "arn:aws:iam::146469921099:role/club-ops-dev-github-actions",
            "assume_role_policy": "{\"Statement\":[{\"Action\":\"sts:AssumeRoleWithWebIdentity\",\"Condition\":{\"StringEquals\":{\"token.actions.githubusercontent.com:aud\":\"sts.amazonaws.com\"},\"StringLike\":{\"token.actions.githubusercontent.com:sub\":\"repo:joshuakessell/ClubOperationsPOS:ref:refs/heads/main\"}},\"Effect\":\"Allow\",\"Principal\":{\"Federated\":\"arn:aws:iam::146469921099:oidc-provider/token.actions.githubusercontent.com\"}}],\"Version\":\"2012-10-17\"}",
            "create_date": "2026-02-01T09:05:45Z",
            "description": "",
            "force_detach_policies": false,
            "id": "club-ops-dev-github-actions",
            "inline_policy": [],
            "managed_policy_arns": [],
            "max_session_duration": 3600,
            "name": "club-ops-dev-github-actions",
            "name_prefix": "",
            "path": "/",
            "permissions_boundary": "",
            "tags": {},
            "tags_all": {
              "Environment": "dev",
              "Owner": "JoshuaKessell",
              "Project": "ClubOperationsPOS"
            },
            "unique_id": "AROASEGSJUFF72ROTGM2R"
          },
          "sensitive_attributes": [],
          "identity_schema_version": 0,
          "private": "bnVsbA==",
          "dependencies": [
            "aws_iam_openid_connect_provider.github"
          ]
        }
      ]
    },
    {
      "mode": "managed",
      "type": "aws_iam_role_policy_attachment",
      "name": "apprunner_ecr_access",
      "provider": "provider[\"registry.terraform.io/hashicorp/aws\"]",
      "instances": [
        {
          "schema_version": 0,
          "attributes": {
            "id": "club-ops-dev-apprunner-ecr-access-20260201090545549000000003",
            "policy_arn": "arn:aws:iam::aws:policy/service-role/AWSAppRunnerServicePolicyForECRAccess",
            "role": "club-ops-dev-apprunner-ecr-access"
          },
          "sensitive_attributes": [],
          "identity_schema_version": 0,
          "private": "bnVsbA==",
          "dependencies": [
            "aws_iam_role.apprunner_ecr_access"
          ]
        }
      ]
    },
    {
      "mode": "managed",
      "type": "aws_s3_bucket",
      "name": "customer",
      "provider": "provider[\"registry.terraform.io/hashicorp/aws\"]",
      "instances": [
        {
          "schema_version": 0,
          "attributes": {
            "acceleration_status": "",
            "acl": null,
            "arn": "arn:aws:s3:::club-ops-dev-customer-demo",
            "bucket": "club-ops-dev-customer-demo",
            "bucket_domain_name": "club-ops-dev-customer-demo.s3.amazonaws.com",
            "bucket_prefix": "",
            "bucket_regional_domain_name": "club-ops-dev-customer-demo.s3.us-east-1.amazonaws.com",
            "cors_rule": [],
            "force_destroy": false,
            "grant": [
              {
                "id": "7d56d0d6a51d6ddb41c6c1aa3f07e6a9e265b6298c05f74808358e696ba6aa3d",
                "permissions": [
                  "FULL_CONTROL"
                ],
                "type": "CanonicalUser",
                "uri": ""
              }
            ],
            "hosted_zone_id": "Z3AQBSTGFYJSTF",
            "id": "club-ops-dev-customer-demo",
            "lifecycle_rule": [],
            "logging": [],
            "object_lock_configuration": [],
            "object_lock_enabled": false,
            "policy": "",
            "region": "us-east-1",
            "replication_configuration": [],
            "request_payer": "BucketOwner",
            "server_side_encryption_configuration": [
              {
                "rule": [
                  {
                    "apply_server_side_encryption_by_default": [
                      {
                        "kms_master_key_id": "",
                        "sse_algorithm": "AES256"
                      }
                    ],
                    "bucket_key_enabled": false
                  }
                ]
              }
            ],
            "tags": {},
            "tags_all": {
              "Environment": "dev",
              "Owner": "JoshuaKessell",
              "Project": "ClubOperationsPOS"
            },
            "timeouts": null,
            "versioning": [
              {
                "enabled": false,
                "mfa_delete": false
              }
            ],
            "website": [],
            "website_domain": null,
            "website_endpoint": null
          },
          "sensitive_attributes": [],
          "identity_schema_version": 0,
          "private": "eyJlMmJmYjczMC1lY2FhLTExZTYtOGY4OC0zNDM2M2JjN2M0YzAiOnsiY3JlYXRlIjoxMjAwMDAwMDAwMDAwLCJkZWxldGUiOjM2MDAwMDAwMDAwMDAsInJlYWQiOjEyMDAwMDAwMDAwMDAsInVwZGF0ZSI6MTIwMDAwMDAwMDAwMH19"
        }
      ]
    },
    {
      "mode": "managed",
      "type": "aws_s3_bucket",
      "name": "employee",
      "provider": "provider[\"registry.terraform.io/hashicorp/aws\"]",
      "instances": [
        {
          "schema_version": 0,
          "attributes": {
            "acceleration_status": "",
            "acl": null,
            "arn": "arn:aws:s3:::club-ops-dev-employee-demo",
            "bucket": "club-ops-dev-employee-demo",
            "bucket_domain_name": "club-ops-dev-employee-demo.s3.amazonaws.com",
            "bucket_prefix": "",
            "bucket_regional_domain_name": "club-ops-dev-employee-demo.s3.us-east-1.amazonaws.com",
            "cors_rule": [],
            "force_destroy": false,
            "grant": [
              {
                "id": "7d56d0d6a51d6ddb41c6c1aa3f07e6a9e265b6298c05f74808358e696ba6aa3d",
                "permissions": [
                  "FULL_CONTROL"
                ],
                "type": "CanonicalUser",
                "uri": ""
              }
            ],
            "hosted_zone_id": "Z3AQBSTGFYJSTF",
            "id": "club-ops-dev-employee-demo",
            "lifecycle_rule": [],
            "logging": [],
            "object_lock_configuration": [],
            "object_lock_enabled": false,
            "policy": "",
            "region": "us-east-1",
            "replication_configuration": [],
            "request_payer": "BucketOwner",
            "server_side_encryption_configuration": [
              {
                "rule": [
                  {
                    "apply_server_side_encryption_by_default": [
                      {
                        "kms_master_key_id": "",
                        "sse_algorithm": "AES256"
                      }
                    ],
                    "bucket_key_enabled": false
                  }
                ]
              }
            ],
            "tags": {},
            "tags_all": {
              "Environment": "dev",
              "Owner": "JoshuaKessell",
              "Project": "ClubOperationsPOS"
            },
            "timeouts": null,
            "versioning": [
              {
                "enabled": false,
                "mfa_delete": false
              }
            ],
            "website": [],
            "website_domain": null,
            "website_endpoint": null
          },
          "sensitive_attributes": [],
          "identity_schema_version": 0,
          "private": "eyJlMmJmYjczMC1lY2FhLTExZTYtOGY4OC0zNDM2M2JjN2M0YzAiOnsiY3JlYXRlIjoxMjAwMDAwMDAwMDAwLCJkZWxldGUiOjM2MDAwMDAwMDAwMDAsInJlYWQiOjEyMDAwMDAwMDAwMDAsInVwZGF0ZSI6MTIwMDAwMDAwMDAwMH19"
        }
      ]
    },
    {
      "mode": "managed",
      "type": "aws_s3_bucket_ownership_controls",
      "name": "customer",
      "provider": "provider[\"registry.terraform.io/hashicorp/aws\"]",
      "instances": [
        {
          "schema_version": 0,
          "attributes": {
            "bucket": "club-ops-dev-customer-demo",
            "id": "club-ops-dev-customer-demo",
            "rule": [
              {
                "object_ownership": "BucketOwnerPreferred"
              }
            ]
          },
          "sensitive_attributes": [],
          "identity_schema_version": 0,
          "private": "bnVsbA==",
          "dependencies": [
            "aws_s3_bucket.customer"
          ]
        }
      ]
    },
    {
      "mode": "managed",
      "type": "aws_s3_bucket_ownership_controls",
      "name": "employee",
      "provider": "provider[\"registry.terraform.io/hashicorp/aws\"]",
      "instances": [
        {
          "schema_version": 0,
          "attributes": {
            "bucket": "club-ops-dev-employee-demo",
            "id": "club-ops-dev-employee-demo",
            "rule": [
              {
                "object_ownership": "BucketOwnerPreferred"
              }
            ]
          },
          "sensitive_attributes": [],
          "identity_schema_version": 0,
          "private": "bnVsbA==",
          "dependencies": [
            "aws_s3_bucket.employee"
          ]
        }
      ]
    },
    {
      "mode": "managed",
      "type": "aws_s3_bucket_public_access_block",
      "name": "customer",
      "provider": "provider[\"registry.terraform.io/hashicorp/aws\"]",
      "instances": [
        {
          "schema_version": 0,
          "attributes": {
            "block_public_acls": true,
            "block_public_policy": true,
            "bucket": "club-ops-dev-customer-demo",
            "id": "club-ops-dev-customer-demo",
            "ignore_public_acls": true,
            "restrict_public_buckets": true
          },
          "sensitive_attributes": [],
          "identity_schema_version": 0,
          "private": "bnVsbA==",
          "dependencies": [
            "aws_s3_bucket.customer"
          ]
        }
      ]
    },
    {
      "mode": "managed",
      "type": "aws_s3_bucket_public_access_block",
      "name": "employee",
      "provider": "provider[\"registry.terraform.io/hashicorp/aws\"]",
      "instances": [
        {
          "schema_version": 0,
          "attributes": {
            "block_public_acls": true,
            "block_public_policy": true,
            "bucket": "club-ops-dev-employee-demo",
            "id": "club-ops-dev-employee-demo",
            "ignore_public_acls": true,
            "restrict_public_buckets": true
          },
          "sensitive_attributes": [],
          "identity_schema_version": 0,
          "private": "bnVsbA==",
          "dependencies": [
            "aws_s3_bucket.employee"
          ]
        }
      ]
    }
  ],
  "check_results": null
}
